# This file was autogenerated by Stack.
# You should not edit this file by hand.
# For more information, please see the documentation at:
#   https://docs.haskellstack.org/en/stable/lock_files

packages:
- completed:
    hackage: hakyll-4.13.2.0@sha256:7185031bacfff87141486ada90798550dd0c29424ba613c7974222b27cf0f3b5,8867
    pantry-tree:
      size: 7841
      sha256: d56afbe335270c66a19dea685413f4b06225805b5d6036a28da8b51f113dffae
  original:
    hackage: hakyll-4.13.2.0@sha256:7185031bacfff87141486ada90798550dd0c29424ba613c7974222b27cf0f3b5,8867
- completed:
    hackage: hakyll-sass-0.2.4@sha256:4d2fbd8b63f5ef15483fc6dda09e10eefd63b4f873ad38dec2a3607eb504a8ba,939
    pantry-tree:
      size: 217
      sha256: c03e74e71d010f009b8d972efc31fbd6dd25183e6d9afbec55f4b7f0d4a74b47
  original:
    hackage: hakyll-sass-0.2.4@sha256:4d2fbd8b63f5ef15483fc6dda09e10eefd63b4f873ad38dec2a3607eb504a8ba,939
- completed:
    hackage: hakyll-images-0.4.4@sha256:fc0c726ec324c019265d14ea45ac760752bca42e68630aff11b510812f846f24,2273
    pantry-tree:
      size: 1162
      sha256: cf6daf24215e2271ac819e44f3f06f27cc7811b6be019f33e8895cb5fa39e412
  original:
    hackage: hakyll-images-0.4.4@sha256:fc0c726ec324c019265d14ea45ac760752bca42e68630aff11b510812f846f24,2273
snapshots:
- completed:
    size: 524162
    url: https://raw.githubusercontent.com/commercialhaskell/stackage-snapshots/master/lts/14/21.yaml
    sha256: 9a55dd75853718f2bbbe951872b36a3b7802fcd71796e0f25b8664f24e34c666
  original: lts-14.21
