# This file was autogenerated by Stack.
# You should not edit this file by hand.
# For more information, please see the documentation at:
#   https://docs.haskellstack.org/en/stable/lock_files

packages:
- completed:
    hackage: hakyll-4.13.2.0@sha256:7185031bacfff87141486ada90798550dd0c29424ba613c7974222b27cf0f3b5,8867
    pantry-tree:
      size: 7841
      sha256: d56afbe335270c66a19dea685413f4b06225805b5d6036a28da8b51f113dffae
  original:
    hackage: hakyll-4.13.2.0@sha256:7185031bacfff87141486ada90798550dd0c29424ba613c7974222b27cf0f3b5,8867
snapshots:
- completed:
    size: 524162
    url: https://raw.githubusercontent.com/commercialhaskell/stackage-snapshots/master/lts/14/21.yaml
    sha256: 9a55dd75853718f2bbbe951872b36a3b7802fcd71796e0f25b8664f24e34c666
  original: lts-14.21
